PODS:
  - InsiderGeofence (1.2.3):
    - InsiderMobile (>= 13.12.3)
  - InsiderMobile (14.0.5)
  - InsiderMobileAdvancedNotification (2.3.1)

DEPENDENCIES:
  - InsiderGeofence
  - InsiderMobile
  - InsiderMobileAdvancedNotification

SPEC REPOS:
  trunk:
    - InsiderGeofence
    - InsiderMobile
    - InsiderMobileAdvancedNotification

SPEC CHECKSUMS:
  InsiderGeofence: 29fc9d88173029736a4d155612432d450f76addd
  InsiderMobile: b92e93097680e0fcf2669903c2b5894513b42506
  InsiderMobileAdvancedNotification: 1b013af7a39f222b00101828eb24eeb4a3d9ecfa

PODFILE CHECKSUM: 17f84df887e552e5ac4db9939531922041437c35

COCOAPODS: 1.16.2
