PODS:
  - InsiderGeofence (1.2.4):
    - InsiderMobile (>= 14.1.0)
  - InsiderMobile (14.3.1)
  - InsiderMobileAdvancedNotification (2.3.1)
  - InsiderWebView (1.0.0):
    - InsiderMobile (>= 14.2.0)

DEPENDENCIES:
  - InsiderGeofence
  - InsiderMobile
  - InsiderMobileAdvancedNotification
  - InsiderWebView

SPEC REPOS:
  trunk:
    - InsiderGeofence
    - InsiderMobile
    - InsiderMobileAdvancedNotification
    - InsiderWebView

SPEC CHECKSUMS:
  InsiderGeofence: 4fb764a3f97e32c2d591e08d7977eaf2401175b6
  InsiderMobile: 3d718c1eef57b6028924d35f64188def9325175a
  InsiderMobileAdvancedNotification: 1b013af7a39f222b00101828eb24eeb4a3d9ecfa
  InsiderWebView: 612b3f64b3543afe55ef40ba03a76e43637bbb95

PODFILE CHECKSUM: 58617175ec008c7ed067c8ec8bb2dbdc08cf8009

COCOAPODS: 1.16.2
