{
  "originHash" : "b36fff9cf02abf9c1779fe08f363cd916632d724552b5c22f5f1bfb1aea71daf",
  "pins" : [
    {
      "identity" : "insider-ios-sdk",
      "kind" : "remoteSourceControl",
      "location" : "https://github.com/useinsider/Insider-iOS-SDK",
      "state" : {
        "revision" : "a142c3fd301194ee5028532d15d653193dd9e1fd",
        "version" : "1.7.1"
      }
    }
  ],
  "version" : 3
}
