// !$*UTF8*$!
{
	archiveVersion = 1;
	classes = {
	};
	objectVersion = 77;
	objects = {

/* Begin PBXBuildFile section */
		5C5389AED98FA3F62527E3A3 /* Pods_InsiderNotificationContent.framework in Frameworks */ = {isa = PBXBuildFile; fileRef = 910EBCAB18A8B7FFA6BC8EDC /* Pods_InsiderNotificationContent.framework */; };
		848D773A2D594CCC009F6B45 /* InsiderNotificationService.appex in Embed Foundation Extensions */ = {isa = PBXBuildFile; fileRef = 848D77332D594CCC009F6B45 /* InsiderNotificationService.appex */; settings = {ATTRIBUTES = (RemoveHeadersOnCopy, ); }; };
		848D77472D594CED009F6B45 /* UserNotifications.framework in Frameworks */ = {isa = PBXBuildFile; fileRef = 848D77462D594CED009F6B45 /* UserNotifications.framework */; };
		848D77492D594CED009F6B45 /* UserNotificationsUI.framework in Frameworks */ = {isa = PBXBuildFile; fileRef = 848D77482D594CED009F6B45 /* UserNotificationsUI.framework */; };
		848D77532D594CED009F6B45 /* InsiderNotificationContent.appex in Embed Foundation Extensions */ = {isa = PBXBuildFile; fileRef = 848D77442D594CED009F6B45 /* InsiderNotificationContent.appex */; settings = {ATTRIBUTES = (RemoveHeadersOnCopy, ); }; };
		9C6E60E144B71A207206B9E4 /* Pods_SwiftDemo.framework in Frameworks */ = {isa = PBXBuildFile; fileRef = C8445C6F3249C2E0C048015D /* Pods_SwiftDemo.framework */; };
		C2354C40F26CAD27D9B05523 /* Pods_InsiderNotificationService.framework in Frameworks */ = {isa = PBXBuildFile; fileRef = 1E84D2446ABF75C584F098D9 /* Pods_InsiderNotificationService.framework */; };
/* End PBXBuildFile section */

/* Begin PBXContainerItemProxy section */
		848D77382D594CCC009F6B45 /* PBXContainerItemProxy */ = {
			isa = PBXContainerItemProxy;
			containerPortal = 84923F142D592C3900AF1185 /* Project object */;
			proxyType = 1;
			remoteGlobalIDString = 848D77322D594CCC009F6B45;
			remoteInfo = InsiderNotificationService;
		};
		848D77512D594CED009F6B45 /* PBXContainerItemProxy */ = {
			isa = PBXContainerItemProxy;
			containerPortal = 84923F142D592C3900AF1185 /* Project object */;
			proxyType = 1;
			remoteGlobalIDString = 848D77432D594CED009F6B45;
			remoteInfo = InsiderNotificationContent;
		};
/* End PBXContainerItemProxy section */

/* Begin PBXCopyFilesBuildPhase section */
		848D773F2D594CCC009F6B45 /* Embed Foundation Extensions */ = {
			isa = PBXCopyFilesBuildPhase;
			buildActionMask = 2147483647;
			dstPath = "";
			dstSubfolderSpec = 13;
			files = (
				848D77532D594CED009F6B45 /* InsiderNotificationContent.appex in Embed Foundation Extensions */,
				848D773A2D594CCC009F6B45 /* InsiderNotificationService.appex in Embed Foundation Extensions */,
			);
			name = "Embed Foundation Extensions";
			runOnlyForDeploymentPostprocessing = 0;
		};
/* End PBXCopyFilesBuildPhase section */

/* Begin PBXFileReference section */
		18A0C55227161EAB9416392C /* Pods-InsiderNotificationContent.debug.xcconfig */ = {isa = PBXFileReference; includeInIndex = 1; lastKnownFileType = text.xcconfig; name = "Pods-InsiderNotificationContent.debug.xcconfig"; path = "Target Support Files/Pods-InsiderNotificationContent/Pods-InsiderNotificationContent.debug.xcconfig"; sourceTree = "<group>"; };
		1E84D2446ABF75C584F098D9 /* Pods_InsiderNotificationService.framework */ = {isa = PBXFileReference; explicitFileType = wrapper.framework; includeInIndex = 0; path = Pods_InsiderNotificationService.framework; sourceTree = BUILT_PRODUCTS_DIR; };
		2683C3F8653726BEED022432 /* Pods-SwiftDemo.release.xcconfig */ = {isa = PBXFileReference; includeInIndex = 1; lastKnownFileType = text.xcconfig; name = "Pods-SwiftDemo.release.xcconfig"; path = "Target Support Files/Pods-SwiftDemo/Pods-SwiftDemo.release.xcconfig"; sourceTree = "<group>"; };
		848D77332D594CCC009F6B45 /* InsiderNotificationService.appex */ = {isa = PBXFileReference; explicitFileType = "wrapper.app-extension"; includeInIndex = 0; path = InsiderNotificationService.appex; sourceTree = BUILT_PRODUCTS_DIR; };
		848D77442D594CED009F6B45 /* InsiderNotificationContent.appex */ = {isa = PBXFileReference; explicitFileType = "wrapper.app-extension"; includeInIndex = 0; path = InsiderNotificationContent.appex; sourceTree = BUILT_PRODUCTS_DIR; };
		848D77462D594CED009F6B45 /* UserNotifications.framework */ = {isa = PBXFileReference; lastKnownFileType = wrapper.framework; name = UserNotifications.framework; path = System/Library/Frameworks/UserNotifications.framework; sourceTree = SDKROOT; };
		848D77482D594CED009F6B45 /* UserNotificationsUI.framework */ = {isa = PBXFileReference; lastKnownFileType = wrapper.framework; name = UserNotificationsUI.framework; path = System/Library/Frameworks/UserNotificationsUI.framework; sourceTree = SDKROOT; };
		84923F1C2D592C3900AF1185 /* SwiftDemo.app */ = {isa = PBXFileReference; explicitFileType = wrapper.application; includeInIndex = 0; path = SwiftDemo.app; sourceTree = BUILT_PRODUCTS_DIR; };
		8E27521EA2349D292949690E /* Pods-InsiderNotificationContent.release.xcconfig */ = {isa = PBXFileReference; includeInIndex = 1; lastKnownFileType = text.xcconfig; name = "Pods-InsiderNotificationContent.release.xcconfig"; path = "Target Support Files/Pods-InsiderNotificationContent/Pods-InsiderNotificationContent.release.xcconfig"; sourceTree = "<group>"; };
		910EBCAB18A8B7FFA6BC8EDC /* Pods_InsiderNotificationContent.framework */ = {isa = PBXFileReference; explicitFileType = wrapper.framework; includeInIndex = 0; path = Pods_InsiderNotificationContent.framework; sourceTree = BUILT_PRODUCTS_DIR; };
		98A9F3302EB3A073000E122D /* SwiftDemo.xcconfig */ = {isa = PBXFileReference; lastKnownFileType = text.xcconfig; path = SwiftDemo.xcconfig; sourceTree = "<group>"; };
		A3EEAB938CE76A637FE68117 /* Pods-InsiderNotificationService.debug.xcconfig */ = {isa = PBXFileReference; includeInIndex = 1; lastKnownFileType = text.xcconfig; name = "Pods-InsiderNotificationService.debug.xcconfig"; path = "Target Support Files/Pods-InsiderNotificationService/Pods-InsiderNotificationService.debug.xcconfig"; sourceTree = "<group>"; };
		C8445C6F3249C2E0C048015D /* Pods_SwiftDemo.framework */ = {isa = PBXFileReference; explicitFileType = wrapper.framework; includeInIndex = 0; path = Pods_SwiftDemo.framework; sourceTree = BUILT_PRODUCTS_DIR; };
		D1F6A9E49085B1DE1587BEB2 /* Pods-SwiftDemo.debug.xcconfig */ = {isa = PBXFileReference; includeInIndex = 1; lastKnownFileType = text.xcconfig; name = "Pods-SwiftDemo.debug.xcconfig"; path = "Target Support Files/Pods-SwiftDemo/Pods-SwiftDemo.debug.xcconfig"; sourceTree = "<group>"; };
		F5EFB942CC35C4FF2A13504F /* Pods-InsiderNotificationService.release.xcconfig */ = {isa = PBXFileReference; includeInIndex = 1; lastKnownFileType = text.xcconfig; name = "Pods-InsiderNotificationService.release.xcconfig"; path = "Target Support Files/Pods-InsiderNotificationService/Pods-InsiderNotificationService.release.xcconfig"; sourceTree = "<group>"; };
/* End PBXFileReference section */

/* Begin PBXFileSystemSynchronizedBuildFileExceptionSet section */
		848D773E2D594CCC009F6B45 /* Exceptions for "InsiderNotificationService" folder in "InsiderNotificationService" target */ = {
			isa = PBXFileSystemSynchronizedBuildFileExceptionSet;
			membershipExceptions = (
				Info.plist,
			);
			target = 848D77322D594CCC009F6B45 /* InsiderNotificationService */;
		};
		84923F2E2D592C3B00AF1185 /* Exceptions for "SwiftDemo" folder in "SwiftDemo" target */ = {
			isa = PBXFileSystemSynchronizedBuildFileExceptionSet;
			membershipExceptions = (
				Info.plist,
			);
			target = 84923F1B2D592C3900AF1185 /* SwiftDemo */;
		};
		98EA29AC2D63390800A823E3 /* Exceptions for "InsiderNotificationContent" folder in "InsiderNotificationContent" target */ = {
			isa = PBXFileSystemSynchronizedBuildFileExceptionSet;
			membershipExceptions = (
				MainInterface.storyboard,
				NotificationViewController.swift,
			);
			target = 848D77432D594CED009F6B45 /* InsiderNotificationContent */;
		};
/* End PBXFileSystemSynchronizedBuildFileExceptionSet section */

/* Begin PBXFileSystemSynchronizedRootGroup section */
		848D77342D594CCC009F6B45 /* InsiderNotificationService */ = {
			isa = PBXFileSystemSynchronizedRootGroup;
			exceptions = (
				848D773E2D594CCC009F6B45 /* Exceptions for "InsiderNotificationService" folder in "InsiderNotificationService" target */,
			);
			path = InsiderNotificationService;
			sourceTree = "<group>";
		};
		84923F1E2D592C3900AF1185 /* SwiftDemo */ = {
			isa = PBXFileSystemSynchronizedRootGroup;
			exceptions = (
				84923F2E2D592C3B00AF1185 /* Exceptions for "SwiftDemo" folder in "SwiftDemo" target */,
			);
			path = SwiftDemo;
			sourceTree = "<group>";
		};
		98EA29A92D63390800A823E3 /* InsiderNotificationContent */ = {
			isa = PBXFileSystemSynchronizedRootGroup;
			exceptions = (
				98EA29AC2D63390800A823E3 /* Exceptions for "InsiderNotificationContent" folder in "InsiderNotificationContent" target */,
			);
			path = InsiderNotificationContent;
			sourceTree = "<group>";
		};
/* End PBXFileSystemSynchronizedRootGroup section */

/* Begin PBXFrameworksBuildPhase section */
		848D77302D594CCC009F6B45 /* Frameworks */ = {
			isa = PBXFrameworksBuildPhase;
			buildActionMask = 2147483647;
			files = (
				C2354C40F26CAD27D9B05523 /* Pods_InsiderNotificationService.framework in Frameworks */,
			);
			runOnlyForDeploymentPostprocessing = 0;
		};
		848D77412D594CED009F6B45 /* Frameworks */ = {
			isa = PBXFrameworksBuildPhase;
			buildActionMask = 2147483647;
			files = (
				848D77492D594CED009F6B45 /* UserNotificationsUI.framework in Frameworks */,
				848D77472D594CED009F6B45 /* UserNotifications.framework in Frameworks */,
				5C5389AED98FA3F62527E3A3 /* Pods_InsiderNotificationContent.framework in Frameworks */,
			);
			runOnlyForDeploymentPostprocessing = 0;
		};
		84923F192D592C3900AF1185 /* Frameworks */ = {
			isa = PBXFrameworksBuildPhase;
			buildActionMask = 2147483647;
			files = (
				9C6E60E144B71A207206B9E4 /* Pods_SwiftDemo.framework in Frameworks */,
			);
			runOnlyForDeploymentPostprocessing = 0;
		};
/* End PBXFrameworksBuildPhase section */

/* Begin PBXGroup section */
		1E0459E552477BFB893891CF /* Pods */ = {
			isa = PBXGroup;
			children = (
				18A0C55227161EAB9416392C /* Pods-InsiderNotificationContent.debug.xcconfig */,
				8E27521EA2349D292949690E /* Pods-InsiderNotificationContent.release.xcconfig */,
				A3EEAB938CE76A637FE68117 /* Pods-InsiderNotificationService.debug.xcconfig */,
				F5EFB942CC35C4FF2A13504F /* Pods-InsiderNotificationService.release.xcconfig */,
				D1F6A9E49085B1DE1587BEB2 /* Pods-SwiftDemo.debug.xcconfig */,
				2683C3F8653726BEED022432 /* Pods-SwiftDemo.release.xcconfig */,
			);
			path = Pods;
			sourceTree = "<group>";
		};
		848D77452D594CED009F6B45 /* Frameworks */ = {
			isa = PBXGroup;
			children = (
				848D77462D594CED009F6B45 /* UserNotifications.framework */,
				848D77482D594CED009F6B45 /* UserNotificationsUI.framework */,
				910EBCAB18A8B7FFA6BC8EDC /* Pods_InsiderNotificationContent.framework */,
				1E84D2446ABF75C584F098D9 /* Pods_InsiderNotificationService.framework */,
				C8445C6F3249C2E0C048015D /* Pods_SwiftDemo.framework */,
			);
			name = Frameworks;
			sourceTree = "<group>";
		};
		84923F132D592C3900AF1185 = {
			isa = PBXGroup;
			children = (
				98A9F3302EB3A073000E122D /* SwiftDemo.xcconfig */,
				84923F1E2D592C3900AF1185 /* SwiftDemo */,
				848D77342D594CCC009F6B45 /* InsiderNotificationService */,
				98EA29A92D63390800A823E3 /* InsiderNotificationContent */,
				848D77452D594CED009F6B45 /* Frameworks */,
				84923F1D2D592C3900AF1185 /* Products */,
				1E0459E552477BFB893891CF /* Pods */,
			);
			sourceTree = "<group>";
		};
		84923F1D2D592C3900AF1185 /* Products */ = {
			isa = PBXGroup;
			children = (
				84923F1C2D592C3900AF1185 /* SwiftDemo.app */,
				848D77332D594CCC009F6B45 /* InsiderNotificationService.appex */,
				848D77442D594CED009F6B45 /* InsiderNotificationContent.appex */,
			);
			name = Products;
			sourceTree = "<group>";
		};
/* End PBXGroup section */

/* Begin PBXNativeTarget section */
		848D77322D594CCC009F6B45 /* InsiderNotificationService */ = {
			isa = PBXNativeTarget;
			buildConfigurationList = 848D773B2D594CCC009F6B45 /* Build configuration list for PBXNativeTarget "InsiderNotificationService" */;
			buildPhases = (
				72FF47D1C4DA1253BF7D8E72 /* [CP] Check Pods Manifest.lock */,
				848D772F2D594CCC009F6B45 /* Sources */,
				848D77302D594CCC009F6B45 /* Frameworks */,
				848D77312D594CCC009F6B45 /* Resources */,
				2A0FAC06A8901FAC4F65A751 /* [CP] Copy Pods Resources */,
			);
			buildRules = (
			);
			dependencies = (
			);
			fileSystemSynchronizedGroups = (
				848D77342D594CCC009F6B45 /* InsiderNotificationService */,
			);
			name = InsiderNotificationService;
			productName = InsiderNotificationService;
			productReference = 848D77332D594CCC009F6B45 /* InsiderNotificationService.appex */;
			productType = "com.apple.product-type.app-extension";
		};
		848D77432D594CED009F6B45 /* InsiderNotificationContent */ = {
			isa = PBXNativeTarget;
			buildConfigurationList = 848D77542D594CED009F6B45 /* Build configuration list for PBXNativeTarget "InsiderNotificationContent" */;
			buildPhases = (
				27A7F19787A532D6293DA964 /* [CP] Check Pods Manifest.lock */,
				848D77402D594CED009F6B45 /* Sources */,
				848D77412D594CED009F6B45 /* Frameworks */,
				848D77422D594CED009F6B45 /* Resources */,
				9C698C11B36D0C68EEBF8E88 /* [CP] Copy Pods Resources */,
			);
			buildRules = (
			);
			dependencies = (
			);
			name = InsiderNotificationContent;
			productName = InsiderNotificationContent;
			productReference = 848D77442D594CED009F6B45 /* InsiderNotificationContent.appex */;
			productType = "com.apple.product-type.app-extension";
		};
		84923F1B2D592C3900AF1185 /* SwiftDemo */ = {
			isa = PBXNativeTarget;
			buildConfigurationList = 84923F2F2D592C3B00AF1185 /* Build configuration list for PBXNativeTarget "SwiftDemo" */;
			buildPhases = (
				59FD1D1DCB19689AADC9EA0B /* [CP] Check Pods Manifest.lock */,
				84923F182D592C3900AF1185 /* Sources */,
				84923F192D592C3900AF1185 /* Frameworks */,
				84923F1A2D592C3900AF1185 /* Resources */,
				848D773F2D594CCC009F6B45 /* Embed Foundation Extensions */,
				2E61EBA2DBDD5490754F9D0B /* [CP] Embed Pods Frameworks */,
				998FCBAA49A0DF4E8D7C9793 /* [CP] Copy Pods Resources */,
			);
			buildRules = (
			);
			dependencies = (
				848D77392D594CCC009F6B45 /* PBXTargetDependency */,
				848D77522D594CED009F6B45 /* PBXTargetDependency */,
			);
			fileSystemSynchronizedGroups = (
				84923F1E2D592C3900AF1185 /* SwiftDemo */,
			);
			name = SwiftDemo;
			productName = SwiftDemo;
			productReference = 84923F1C2D592C3900AF1185 /* SwiftDemo.app */;
			productType = "com.apple.product-type.application";
		};
/* End PBXNativeTarget section */

/* Begin PBXProject section */
		84923F142D592C3900AF1185 /* Project object */ = {
			isa = PBXProject;
			attributes = {
				BuildIndependentTargetsInParallel = 1;
				LastSwiftUpdateCheck = 1600;
				LastUpgradeCheck = 1600;
				TargetAttributes = {
					848D77322D594CCC009F6B45 = {
						CreatedOnToolsVersion = 16.0;
					};
					848D77432D594CED009F6B45 = {
						CreatedOnToolsVersion = 16.0;
					};
					84923F1B2D592C3900AF1185 = {
						CreatedOnToolsVersion = 16.0;
					};
				};
			};
			buildConfigurationList = 84923F172D592C3900AF1185 /* Build configuration list for PBXProject "SwiftDemo" */;
			developmentRegion = en;
			hasScannedForEncodings = 0;
			knownRegions = (
				en,
				Base,
			);
			mainGroup = 84923F132D592C3900AF1185;
			minimizedProjectReferenceProxies = 1;
			preferredProjectObjectVersion = 77;
			productRefGroup = 84923F1D2D592C3900AF1185 /* Products */;
			projectDirPath = "";
			projectRoot = "";
			targets = (
				84923F1B2D592C3900AF1185 /* SwiftDemo */,
				848D77322D594CCC009F6B45 /* InsiderNotificationService */,
				848D77432D594CED009F6B45 /* InsiderNotificationContent */,
			);
		};
/* End PBXProject section */

/* Begin PBXResourcesBuildPhase section */
		848D77312D594CCC009F6B45 /* Resources */ = {
			isa = PBXResourcesBuildPhase;
			buildActionMask = 2147483647;
			files = (
			);
			runOnlyForDeploymentPostprocessing = 0;
		};
		848D77422D594CED009F6B45 /* Resources */ = {
			isa = PBXResourcesBuildPhase;
			buildActionMask = 2147483647;
			files = (
			);
			runOnlyForDeploymentPostprocessing = 0;
		};
		84923F1A2D592C3900AF1185 /* Resources */ = {
			isa = PBXResourcesBuildPhase;
			buildActionMask = 2147483647;
			files = (
			);
			runOnlyForDeploymentPostprocessing = 0;
		};
/* End PBXResourcesBuildPhase section */

/* Begin PBXShellScriptBuildPhase section */
		27A7F19787A532D6293DA964 /* [CP] Check Pods Manifest.lock */ = {
			isa = PBXShellScriptBuildPhase;
			buildActionMask = 2147483647;
			files = (
			);
			inputFileListPaths = (
			);
			inputPaths = (
				"${PODS_PODFILE_DIR_PATH}/Podfile.lock",
				"${PODS_ROOT}/Manifest.lock",
			);
			name = "[CP] Check Pods Manifest.lock";
			outputFileListPaths = (
			);
			outputPaths = (
				"$(DERIVED_FILE_DIR)/Pods-InsiderNotificationContent-checkManifestLockResult.txt",
			);
			runOnlyForDeploymentPostprocessing = 0;
			shellPath = /bin/sh;
			shellScript = "diff \"${PODS_PODFILE_DIR_PATH}/Podfile.lock\" \"${PODS_ROOT}/Manifest.lock\" > /dev/null\nif [ $? != 0 ] ; then\n    # print error to STDERR\n    echo \"error: The sandbox is not in sync with the Podfile.lock. Run 'pod install' or update your CocoaPods installation.\" >&2\n    exit 1\nfi\n# This output is used by Xcode 'outputs' to avoid re-running this script phase.\necho \"SUCCESS\" > \"${SCRIPT_OUTPUT_FILE_0}\"\n";
			showEnvVarsInLog = 0;
		};
		2A0FAC06A8901FAC4F65A751 /* [CP] Copy Pods Resources */ = {
			isa = PBXShellScriptBuildPhase;
			buildActionMask = 2147483647;
			files = (
			);
			inputFileListPaths = (
				"${PODS_ROOT}/Target Support Files/Pods-InsiderNotificationService/Pods-InsiderNotificationService-resources-${CONFIGURATION}-input-files.xcfilelist",
			);
			inputPaths = (
			);
			name = "[CP] Copy Pods Resources";
			outputFileListPaths = (
				"${PODS_ROOT}/Target Support Files/Pods-InsiderNotificationService/Pods-InsiderNotificationService-resources-${CONFIGURATION}-output-files.xcfilelist",
			);
			outputPaths = (
			);
			runOnlyForDeploymentPostprocessing = 0;
			shellPath = /bin/sh;
			shellScript = "\"${PODS_ROOT}/Target Support Files/Pods-InsiderNotificationService/Pods-InsiderNotificationService-resources.sh\"\n";
			showEnvVarsInLog = 0;
		};
		2E61EBA2DBDD5490754F9D0B /* [CP] Embed Pods Frameworks */ = {
			isa = PBXShellScriptBuildPhase;
			buildActionMask = 2147483647;
			files = (
			);
			inputFileListPaths = (
				"${PODS_ROOT}/Target Support Files/Pods-SwiftDemo/Pods-SwiftDemo-frameworks-${CONFIGURATION}-input-files.xcfilelist",
			);
			inputPaths = (
			);
			name = "[CP] Embed Pods Frameworks";
			outputFileListPaths = (
				"${PODS_ROOT}/Target Support Files/Pods-SwiftDemo/Pods-SwiftDemo-frameworks-${CONFIGURATION}-output-files.xcfilelist",
			);
			outputPaths = (
			);
			runOnlyForDeploymentPostprocessing = 0;
			shellPath = /bin/sh;
			shellScript = "\"${PODS_ROOT}/Target Support Files/Pods-SwiftDemo/Pods-SwiftDemo-frameworks.sh\"\n";
			showEnvVarsInLog = 0;
		};
		59FD1D1DCB19689AADC9EA0B /* [CP] Check Pods Manifest.lock */ = {
			isa = PBXShellScriptBuildPhase;
			buildActionMask = 2147483647;
			files = (
			);
			inputFileListPaths = (
			);
			inputPaths = (
				"${PODS_PODFILE_DIR_PATH}/Podfile.lock",
				"${PODS_ROOT}/Manifest.lock",
			);
			name = "[CP] Check Pods Manifest.lock";
			outputFileListPaths = (
			);
			outputPaths = (
				"$(DERIVED_FILE_DIR)/Pods-SwiftDemo-checkManifestLockResult.txt",
			);
			runOnlyForDeploymentPostprocessing = 0;
			shellPath = /bin/sh;
			shellScript = "diff \"${PODS_PODFILE_DIR_PATH}/Podfile.lock\" \"${PODS_ROOT}/Manifest.lock\" > /dev/null\nif [ $? != 0 ] ; then\n    # print error to STDERR\n    echo \"error: The sandbox is not in sync with the Podfile.lock. Run 'pod install' or update your CocoaPods installation.\" >&2\n    exit 1\nfi\n# This output is used by Xcode 'outputs' to avoid re-running this script phase.\necho \"SUCCESS\" > \"${SCRIPT_OUTPUT_FILE_0}\"\n";
			showEnvVarsInLog = 0;
		};
		72FF47D1C4DA1253BF7D8E72 /* [CP] Check Pods Manifest.lock */ = {
			isa = PBXShellScriptBuildPhase;
			buildActionMask = 2147483647;
			files = (
			);
			inputFileListPaths = (
			);
			inputPaths = (
				"${PODS_PODFILE_DIR_PATH}/Podfile.lock",
				"${PODS_ROOT}/Manifest.lock",
			);
			name = "[CP] Check Pods Manifest.lock";
			outputFileListPaths = (
			);
			outputPaths = (
				"$(DERIVED_FILE_DIR)/Pods-InsiderNotificationService-checkManifestLockResult.txt",
			);
			runOnlyForDeploymentPostprocessing = 0;
			shellPath = /bin/sh;
			shellScript = "diff \"${PODS_PODFILE_DIR_PATH}/Podfile.lock\" \"${PODS_ROOT}/Manifest.lock\" > /dev/null\nif [ $? != 0 ] ; then\n    # print error to STDERR\n    echo \"error: The sandbox is not in sync with the Podfile.lock. Run 'pod install' or update your CocoaPods installation.\" >&2\n    exit 1\nfi\n# This output is used by Xcode 'outputs' to avoid re-running this script phase.\necho \"SUCCESS\" > \"${SCRIPT_OUTPUT_FILE_0}\"\n";
			showEnvVarsInLog = 0;
		};
		998FCBAA49A0DF4E8D7C9793 /* [CP] Copy Pods Resources */ = {
			isa = PBXShellScriptBuildPhase;
			buildActionMask = 2147483647;
			files = (
			);
			inputFileListPaths = (
				"${PODS_ROOT}/Target Support Files/Pods-SwiftDemo/Pods-SwiftDemo-resources-${CONFIGURATION}-input-files.xcfilelist",
			);
			inputPaths = (
			);
			name = "[CP] Copy Pods Resources";
			outputFileListPaths = (
				"${PODS_ROOT}/Target Support Files/Pods-SwiftDemo/Pods-SwiftDemo-resources-${CONFIGURATION}-output-files.xcfilelist",
			);
			outputPaths = (
			);
			runOnlyForDeploymentPostprocessing = 0;
			shellPath = /bin/sh;
			shellScript = "\"${PODS_ROOT}/Target Support Files/Pods-SwiftDemo/Pods-SwiftDemo-resources.sh\"\n";
			showEnvVarsInLog = 0;
		};
		9C698C11B36D0C68EEBF8E88 /* [CP] Copy Pods Resources */ = {
			isa = PBXShellScriptBuildPhase;
			buildActionMask = 2147483647;
			files = (
			);
			inputFileListPaths = (
				"${PODS_ROOT}/Target Support Files/Pods-InsiderNotificationContent/Pods-InsiderNotificationContent-resources-${CONFIGURATION}-input-files.xcfilelist",
			);
			inputPaths = (
			);
			name = "[CP] Copy Pods Resources";
			outputFileListPaths = (
				"${PODS_ROOT}/Target Support Files/Pods-InsiderNotificationContent/Pods-InsiderNotificationContent-resources-${CONFIGURATION}-output-files.xcfilelist",
			);
			outputPaths = (
			);
			runOnlyForDeploymentPostprocessing = 0;
			shellPath = /bin/sh;
			shellScript = "\"${PODS_ROOT}/Target Support Files/Pods-InsiderNotificationContent/Pods-InsiderNotificationContent-resources.sh\"\n";
			showEnvVarsInLog = 0;
		};
/* End PBXShellScriptBuildPhase section */

/* Begin PBXSourcesBuildPhase section */
		848D772F2D594CCC009F6B45 /* Sources */ = {
			isa = PBXSourcesBuildPhase;
			buildActionMask = 2147483647;
			files = (
			);
			runOnlyForDeploymentPostprocessing = 0;
		};
		848D77402D594CED009F6B45 /* Sources */ = {
			isa = PBXSourcesBuildPhase;
			buildActionMask = 2147483647;
			files = (
			);
			runOnlyForDeploymentPostprocessing = 0;
		};
		84923F182D592C3900AF1185 /* Sources */ = {
			isa = PBXSourcesBuildPhase;
			buildActionMask = 2147483647;
			files = (
			);
			runOnlyForDeploymentPostprocessing = 0;
		};
/* End PBXSourcesBuildPhase section */

/* Begin PBXTargetDependency section */
		848D77392D594CCC009F6B45 /* PBXTargetDependency */ = {
			isa = PBXTargetDependency;
			target = 848D77322D594CCC009F6B45 /* InsiderNotificationService */;
			targetProxy = 848D77382D594CCC009F6B45 /* PBXContainerItemProxy */;
		};
		848D77522D594CED009F6B45 /* PBXTargetDependency */ = {
			isa = PBXTargetDependency;
			target = 848D77432D594CED009F6B45 /* InsiderNotificationContent */;
			targetProxy = 848D77512D594CED009F6B45 /* PBXContainerItemProxy */;
		};
/* End PBXTargetDependency section */

/* Begin XCBuildConfiguration section */
		848D773C2D594CCC009F6B45 /* Debug */ = {
			isa = XCBuildConfiguration;
			baseConfigurationReference = A3EEAB938CE76A637FE68117 /* Pods-InsiderNotificationService.debug.xcconfig */;
			buildSettings = {
				CODE_SIGN_ENTITLEMENTS = InsiderNotificationService/InsiderNotificationService.entitlements;
				CODE_SIGN_STYLE = Automatic;
				DEBUG_INFORMATION_FORMAT = dwarf;
				DEVELOPMENT_TEAM = 276CUFK954;
				ENABLE_USER_SCRIPT_SANDBOXING = NO;
				GENERATE_INFOPLIST_FILE = YES;
				INFOPLIST_FILE = InsiderNotificationService/Info.plist;
				INFOPLIST_KEY_CFBundleDisplayName = InsiderNotificationService;
				INFOPLIST_KEY_NSHumanReadableCopyright = "";
				LD_RUNPATH_SEARCH_PATHS = "$(inherited)";
				PRODUCT_BUNDLE_IDENTIFIER = "com.useinsider.mobile-ios.InsiderNotificationService";
				PRODUCT_NAME = "$(TARGET_NAME)";
				SKIP_INSTALL = YES;
				SWIFT_EMIT_LOC_STRINGS = YES;
				SWIFT_VERSION = 5.0;
				TARGETED_DEVICE_FAMILY = "1,2";
				VERSIONING_SYSTEM = "apple-generic";
			};
			name = Debug;
		};
		848D773D2D594CCC009F6B45 /* Release */ = {
			isa = XCBuildConfiguration;
			baseConfigurationReference = F5EFB942CC35C4FF2A13504F /* Pods-InsiderNotificationService.release.xcconfig */;
			buildSettings = {
				CODE_SIGN_ENTITLEMENTS = InsiderNotificationService/InsiderNotificationService.entitlements;
				CODE_SIGN_STYLE = Automatic;
				DEBUG_INFORMATION_FORMAT = dwarf;
				DEVELOPMENT_TEAM = 276CUFK954;
				ENABLE_USER_SCRIPT_SANDBOXING = NO;
				GENERATE_INFOPLIST_FILE = YES;
				INFOPLIST_FILE = InsiderNotificationService/Info.plist;
				INFOPLIST_KEY_CFBundleDisplayName = InsiderNotificationService;
				INFOPLIST_KEY_NSHumanReadableCopyright = "";
				LD_RUNPATH_SEARCH_PATHS = "$(inherited)";
				PRODUCT_BUNDLE_IDENTIFIER = "com.useinsider.mobile-ios.InsiderNotificationService";
				PRODUCT_NAME = "$(TARGET_NAME)";
				SKIP_INSTALL = YES;
				SWIFT_EMIT_LOC_STRINGS = YES;
				SWIFT_VERSION = 5.0;
				TARGETED_DEVICE_FAMILY = "1,2";
				VERSIONING_SYSTEM = "apple-generic";
			};
			name = Release;
		};
		848D77552D594CED009F6B45 /* Debug */ = {
			isa = XCBuildConfiguration;
			baseConfigurationReference = 18A0C55227161EAB9416392C /* Pods-InsiderNotificationContent.debug.xcconfig */;
			buildSettings = {
				CODE_SIGN_ENTITLEMENTS = InsiderNotificationContent/InsiderNotificationContent.entitlements;
				CODE_SIGN_STYLE = Automatic;
				DEBUG_INFORMATION_FORMAT = dwarf;
				DEVELOPMENT_TEAM = 276CUFK954;
				ENABLE_USER_SCRIPT_SANDBOXING = NO;
				GENERATE_INFOPLIST_FILE = YES;
				INFOPLIST_FILE = InsiderNotificationContent/Info.plist;
				INFOPLIST_KEY_CFBundleDisplayName = InsiderNotificationContent;
				INFOPLIST_KEY_NSHumanReadableCopyright = "";
				LD_RUNPATH_SEARCH_PATHS = "$(inherited)";
				PRODUCT_BUNDLE_IDENTIFIER = "com.useinsider.mobile-ios.InsiderNotificationContent";
				PRODUCT_NAME = "$(TARGET_NAME)";
				SKIP_INSTALL = YES;
				SWIFT_EMIT_LOC_STRINGS = YES;
				SWIFT_VERSION = 5.0;
				TARGETED_DEVICE_FAMILY = "1,2";
				VERSIONING_SYSTEM = "apple-generic";
			};
			name = Debug;
		};
		848D77562D594CED009F6B45 /* Release */ = {
			isa = XCBuildConfiguration;
			baseConfigurationReference = 8E27521EA2349D292949690E /* Pods-InsiderNotificationContent.release.xcconfig */;
			buildSettings = {
				CODE_SIGN_ENTITLEMENTS = InsiderNotificationContent/InsiderNotificationContent.entitlements;
				CODE_SIGN_STYLE = Automatic;
				DEBUG_INFORMATION_FORMAT = dwarf;
				DEVELOPMENT_TEAM = 276CUFK954;
				ENABLE_USER_SCRIPT_SANDBOXING = NO;
				GENERATE_INFOPLIST_FILE = YES;
				INFOPLIST_FILE = InsiderNotificationContent/Info.plist;
				INFOPLIST_KEY_CFBundleDisplayName = InsiderNotificationContent;
				INFOPLIST_KEY_NSHumanReadableCopyright = "";
				LD_RUNPATH_SEARCH_PATHS = "$(inherited)";
				PRODUCT_BUNDLE_IDENTIFIER = "com.useinsider.mobile-ios.InsiderNotificationContent";
				PRODUCT_NAME = "$(TARGET_NAME)";
				SKIP_INSTALL = YES;
				SWIFT_EMIT_LOC_STRINGS = YES;
				SWIFT_VERSION = 5.0;
				TARGETED_DEVICE_FAMILY = "1,2";
				VERSIONING_SYSTEM = "apple-generic";
			};
			name = Release;
		};
		84923F302D592C3B00AF1185 /* Debug */ = {
			isa = XCBuildConfiguration;
			baseConfigurationReference = D1F6A9E49085B1DE1587BEB2 /* Pods-SwiftDemo.debug.xcconfig */;
			buildSettings = {
				ASSETCATALOG_COMPILER_APPICON_NAME = AppIcon;
				ASSETCATALOG_COMPILER_GLOBAL_ACCENT_COLOR_NAME = AccentColor;
				CODE_SIGN_ENTITLEMENTS = SwiftDemo/SwiftDemo.entitlements;
				CODE_SIGN_STYLE = Automatic;
				DEBUG_INFORMATION_FORMAT = dwarf;
				DEVELOPMENT_TEAM = 276CUFK954;
				ENABLE_USER_SCRIPT_SANDBOXING = NO;
				GENERATE_INFOPLIST_FILE = YES;
				INFOPLIST_FILE = SwiftDemo/Info.plist;
				INFOPLIST_KEY_CFBundleDisplayName = SwiftDemo;
				INFOPLIST_KEY_NSLocationAlwaysAndWhenInUseUsageDescription = "SwiftDemo app utilizes your background location data to enhance your experience by providing location-specific campaigns and recommendations.";
				INFOPLIST_KEY_NSLocationWhenInUseUsageDescription = "SwiftDemo app utilizes your background location data to enhance your experience by providing location-specific campaigns and recommendations.";
				INFOPLIST_KEY_UIApplicationSupportsIndirectInputEvents = YES;
				INFOPLIST_KEY_UILaunchStoryboardName = LaunchScreen;
				INFOPLIST_KEY_UIMainStoryboardFile = Main;
				INFOPLIST_KEY_UISupportedInterfaceOrientations_iPad = "UIInterfaceOrientationPortrait UIInterfaceOrientationPortraitUpsideDown UIInterfaceOrientationLandscapeLeft UIInterfaceOrientationLandscapeRight";
				INFOPLIST_KEY_UISupportedInterfaceOrientations_iPhone = "UIInterfaceOrientationPortrait UIInterfaceOrientationLandscapeLeft UIInterfaceOrientationLandscapeRight";
				LD_RUNPATH_SEARCH_PATHS = "$(inherited)";
				PRODUCT_BUNDLE_IDENTIFIER = "com.useinsider.mobile-ios";
				PRODUCT_NAME = "$(TARGET_NAME)";
				SWIFT_EMIT_LOC_STRINGS = YES;
				SWIFT_VERSION = 5.0;
				TARGETED_DEVICE_FAMILY = "1,2";
				VERSIONING_SYSTEM = "apple-generic";
			};
			name = Debug;
		};
		84923F312D592C3B00AF1185 /* Release */ = {
			isa = XCBuildConfiguration;
			baseConfigurationReference = 2683C3F8653726BEED022432 /* Pods-SwiftDemo.release.xcconfig */;
			buildSettings = {
				ASSETCATALOG_COMPILER_APPICON_NAME = AppIcon;
				ASSETCATALOG_COMPILER_GLOBAL_ACCENT_COLOR_NAME = AccentColor;
				CODE_SIGN_ENTITLEMENTS = SwiftDemo/SwiftDemo.entitlements;
				CODE_SIGN_STYLE = Automatic;
				DEBUG_INFORMATION_FORMAT = dwarf;
				DEVELOPMENT_TEAM = 276CUFK954;
				ENABLE_USER_SCRIPT_SANDBOXING = NO;
				GENERATE_INFOPLIST_FILE = YES;
				INFOPLIST_FILE = SwiftDemo/Info.plist;
				INFOPLIST_KEY_CFBundleDisplayName = SwiftDemo;
				INFOPLIST_KEY_NSLocationAlwaysAndWhenInUseUsageDescription = "SwiftDemo app utilizes your background location data to enhance your experience by providing location-specific campaigns and recommendations.";
				INFOPLIST_KEY_NSLocationWhenInUseUsageDescription = "SwiftDemo app utilizes your background location data to enhance your experience by providing location-specific campaigns and recommendations.";
				INFOPLIST_KEY_UIApplicationSupportsIndirectInputEvents = YES;
				INFOPLIST_KEY_UILaunchStoryboardName = LaunchScreen;
				INFOPLIST_KEY_UIMainStoryboardFile = Main;
				INFOPLIST_KEY_UISupportedInterfaceOrientations_iPad = "UIInterfaceOrientationPortrait UIInterfaceOrientationPortraitUpsideDown UIInterfaceOrientationLandscapeLeft UIInterfaceOrientationLandscapeRight";
				INFOPLIST_KEY_UISupportedInterfaceOrientations_iPhone = "UIInterfaceOrientationPortrait UIInterfaceOrientationLandscapeLeft UIInterfaceOrientationLandscapeRight";
				LD_RUNPATH_SEARCH_PATHS = "$(inherited)";
				PRODUCT_BUNDLE_IDENTIFIER = "com.useinsider.mobile-ios";
				PRODUCT_NAME = "$(TARGET_NAME)";
				SWIFT_EMIT_LOC_STRINGS = YES;
				SWIFT_VERSION = 5.0;
				TARGETED_DEVICE_FAMILY = "1,2";
				VERSIONING_SYSTEM = "apple-generic";
			};
			name = Release;
		};
		84923F322D592C3B00AF1185 /* Debug */ = {
			isa = XCBuildConfiguration;
			baseConfigurationReference = 98A9F3302EB3A073000E122D /* SwiftDemo.xcconfig */;
			buildSettings = {
				ALWAYS_SEARCH_USER_PATHS = NO;
				ASSETCATALOG_COMPILER_GENERATE_SWIFT_ASSET_SYMBOL_EXTENSIONS = YES;
				CLANG_ANALYZER_NONNULL = YES;
				CLANG_ANALYZER_NUMBER_OBJECT_CONVERSION = YES_AGGRESSIVE;
				CLANG_CXX_LANGUAGE_STANDARD = "gnu++20";
				CLANG_ENABLE_MODULES = YES;
				CLANG_ENABLE_OBJC_ARC = YES;
				CLANG_ENABLE_OBJC_WEAK = YES;
				CLANG_WARN_BLOCK_CAPTURE_AUTORELEASING = YES;
				CLANG_WARN_BOOL_CONVERSION = YES;
				CLANG_WARN_COMMA = YES;
				CLANG_WARN_CONSTANT_CONVERSION = YES;
				CLANG_WARN_DEPRECATED_OBJC_IMPLEMENTATIONS = YES;
				CLANG_WARN_DIRECT_OBJC_ISA_USAGE = YES_ERROR;
				CLANG_WARN_DOCUMENTATION_COMMENTS = YES;
				CLANG_WARN_EMPTY_BODY = YES;
				CLANG_WARN_ENUM_CONVERSION = YES;
				CLANG_WARN_INFINITE_RECURSION = YES;
				CLANG_WARN_INT_CONVERSION = YES;
				CLANG_WARN_NON_LITERAL_NULL_CONVERSION = YES;
				CLANG_WARN_OBJC_IMPLICIT_RETAIN_SELF = YES;
				CLANG_WARN_OBJC_LITERAL_CONVERSION = YES;
				CLANG_WARN_OBJC_ROOT_CLASS = YES_ERROR;
				CLANG_WARN_QUOTED_INCLUDE_IN_FRAMEWORK_HEADER = YES;
				CLANG_WARN_RANGE_LOOP_ANALYSIS = YES;
				CLANG_WARN_STRICT_PROTOTYPES = YES;
				CLANG_WARN_SUSPICIOUS_MOVE = YES;
				CLANG_WARN_UNGUARDED_AVAILABILITY = YES_AGGRESSIVE;
				CLANG_WARN_UNREACHABLE_CODE = YES;
				CLANG_WARN__DUPLICATE_METHOD_MATCH = YES;
				COPY_PHASE_STRIP = NO;
				DEBUG_INFORMATION_FORMAT = dwarf;
				ENABLE_STRICT_OBJC_MSGSEND = YES;
				ENABLE_TESTABILITY = YES;
				ENABLE_USER_SCRIPT_SANDBOXING = YES;
				GCC_C_LANGUAGE_STANDARD = gnu17;
				GCC_DYNAMIC_NO_PIC = NO;
				GCC_NO_COMMON_BLOCKS = YES;
				GCC_OPTIMIZATION_LEVEL = 0;
				GCC_PREPROCESSOR_DEFINITIONS = (
					"DEBUG=1",
					"$(inherited)",
				);
				GCC_WARN_64_TO_32_BIT_CONVERSION = YES;
				GCC_WARN_ABOUT_RETURN_TYPE = YES_ERROR;
				GCC_WARN_UNDECLARED_SELECTOR = YES;
				GCC_WARN_UNINITIALIZED_AUTOS = YES_AGGRESSIVE;
				GCC_WARN_UNUSED_FUNCTION = YES;
				GCC_WARN_UNUSED_VARIABLE = YES;
				IPHONEOS_DEPLOYMENT_TARGET = 13.0;
				LOCALIZATION_PREFERS_STRING_CATALOGS = YES;
				MTL_ENABLE_DEBUG_INFO = INCLUDE_SOURCE;
				MTL_FAST_MATH = YES;
				ONLY_ACTIVE_ARCH = YES;
				SDKROOT = iphoneos;
				SWIFT_ACTIVE_COMPILATION_CONDITIONS = "DEBUG $(inherited)";
				SWIFT_OPTIMIZATION_LEVEL = "-Onone";
			};
			name = Debug;
		};
		84923F332D592C3B00AF1185 /* Release */ = {
			isa = XCBuildConfiguration;
			baseConfigurationReference = 98A9F3302EB3A073000E122D /* SwiftDemo.xcconfig */;
			buildSettings = {
				ALWAYS_SEARCH_USER_PATHS = NO;
				ASSETCATALOG_COMPILER_GENERATE_SWIFT_ASSET_SYMBOL_EXTENSIONS = YES;
				CLANG_ANALYZER_NONNULL = YES;
				CLANG_ANALYZER_NUMBER_OBJECT_CONVERSION = YES_AGGRESSIVE;
				CLANG_CXX_LANGUAGE_STANDARD = "gnu++20";
				CLANG_ENABLE_MODULES = YES;
				CLANG_ENABLE_OBJC_ARC = YES;
				CLANG_ENABLE_OBJC_WEAK = YES;
				CLANG_WARN_BLOCK_CAPTURE_AUTORELEASING = YES;
				CLANG_WARN_BOOL_CONVERSION = YES;
				CLANG_WARN_COMMA = YES;
				CLANG_WARN_CONSTANT_CONVERSION = YES;
				CLANG_WARN_DEPRECATED_OBJC_IMPLEMENTATIONS = YES;
				CLANG_WARN_DIRECT_OBJC_ISA_USAGE = YES_ERROR;
				CLANG_WARN_DOCUMENTATION_COMMENTS = YES;
				CLANG_WARN_EMPTY_BODY = YES;
				CLANG_WARN_ENUM_CONVERSION = YES;
				CLANG_WARN_INFINITE_RECURSION = YES;
				CLANG_WARN_INT_CONVERSION = YES;
				CLANG_WARN_NON_LITERAL_NULL_CONVERSION = YES;
				CLANG_WARN_OBJC_IMPLICIT_RETAIN_SELF = YES;
				CLANG_WARN_OBJC_LITERAL_CONVERSION = YES;
				CLANG_WARN_OBJC_ROOT_CLASS = YES_ERROR;
				CLANG_WARN_QUOTED_INCLUDE_IN_FRAMEWORK_HEADER = YES;
				CLANG_WARN_RANGE_LOOP_ANALYSIS = YES;
				CLANG_WARN_STRICT_PROTOTYPES = YES;
				CLANG_WARN_SUSPICIOUS_MOVE = YES;
				CLANG_WARN_UNGUARDED_AVAILABILITY = YES_AGGRESSIVE;
				CLANG_WARN_UNREACHABLE_CODE = YES;
				CLANG_WARN__DUPLICATE_METHOD_MATCH = YES;
				COPY_PHASE_STRIP = NO;
				DEBUG_INFORMATION_FORMAT = "dwarf-with-dsym";
				ENABLE_NS_ASSERTIONS = NO;
				ENABLE_STRICT_OBJC_MSGSEND = YES;
				ENABLE_USER_SCRIPT_SANDBOXING = YES;
				GCC_C_LANGUAGE_STANDARD = gnu17;
				GCC_NO_COMMON_BLOCKS = YES;
				GCC_WARN_64_TO_32_BIT_CONVERSION = YES;
				GCC_WARN_ABOUT_RETURN_TYPE = YES_ERROR;
				GCC_WARN_UNDECLARED_SELECTOR = YES;
				GCC_WARN_UNINITIALIZED_AUTOS = YES_AGGRESSIVE;
				GCC_WARN_UNUSED_FUNCTION = YES;
				GCC_WARN_UNUSED_VARIABLE = YES;
				IPHONEOS_DEPLOYMENT_TARGET = 13.0;
				LOCALIZATION_PREFERS_STRING_CATALOGS = YES;
				MTL_ENABLE_DEBUG_INFO = NO;
				MTL_FAST_MATH = YES;
				SDKROOT = iphoneos;
				SWIFT_COMPILATION_MODE = wholemodule;
				VALIDATE_PRODUCT = YES;
			};
			name = Release;
		};
/* End XCBuildConfiguration section */

/* Begin XCConfigurationList section */
		848D773B2D594CCC009F6B45 /* Build configuration list for PBXNativeTarget "InsiderNotificationService" */ = {
			isa = XCConfigurationList;
			buildConfigurations = (
				848D773C2D594CCC009F6B45 /* Debug */,
				848D773D2D594CCC009F6B45 /* Release */,
			);
			defaultConfigurationIsVisible = 0;
			defaultConfigurationName = Release;
		};
		848D77542D594CED009F6B45 /* Build configuration list for PBXNativeTarget "InsiderNotificationContent" */ = {
			isa = XCConfigurationList;
			buildConfigurations = (
				848D77552D594CED009F6B45 /* Debug */,
				848D77562D594CED009F6B45 /* Release */,
			);
			defaultConfigurationIsVisible = 0;
			defaultConfigurationName = Release;
		};
		84923F172D592C3900AF1185 /* Build configuration list for PBXProject "SwiftDemo" */ = {
			isa = XCConfigurationList;
			buildConfigurations = (
				84923F322D592C3B00AF1185 /* Debug */,
				84923F332D592C3B00AF1185 /* Release */,
			);
			defaultConfigurationIsVisible = 0;
			defaultConfigurationName = Release;
		};
		84923F2F2D592C3B00AF1185 /* Build configuration list for PBXNativeTarget "SwiftDemo" */ = {
			isa = XCConfigurationList;
			buildConfigurations = (
				84923F302D592C3B00AF1185 /* Debug */,
				84923F312D592C3B00AF1185 /* Release */,
			);
			defaultConfigurationIsVisible = 0;
			defaultConfigurationName = Release;
		};
/* End XCConfigurationList section */
	};
	rootObject = 84923F142D592C3900AF1185 /* Project object */;
}
